# THIS IS AN AUTOGENERATED FILE. DO NOT EDIT THIS FILE DIRECTLY.
# yarn lockfile v1


"parsimmon@https://github.com/fresheneesz/parsimmon/archive/1522c3b9cac2ced1fa894001f04c0d36f4c13dc0.tar.gz":
  version "1.6.2"
  resolved "https://github.com/fresheneesz/parsimmon/archive/1522c3b9cac2ced1fa894001f04c0d36f4c13dc0.tar.gz#be2b7cd8a36fe2ea47b347aa685be4b3e8bb7265"

proto@*:
  version "1.0.19"
  resolved "https://registry.yarnpkg.com/proto/-/proto-1.0.19.tgz#4dba250b34398ae242de24153e7bf9dab2fe4385"
